
Microsoft Visual Studio Solution File, Format Version 12.00
# Visual Studio Version 17
VisualStudioVersion = 17.2.32408.312
MinimumVisualStudioVersion = 10.0.40219.1
Project("{9A19103F-16F7-4668-BE54-9A1E7A4F7556}") = "NebulaPatcher", "NebulaPatcher\NebulaPatcher.csproj", "{47B9362C-E91B-4AE4-979B-7D811AB4D1EA}"
EndProject
Project("{9A19103F-16F7-4668-BE54-9A1E7A4F7556}") = "NebulaModel", "NebulaModel\NebulaModel.csproj", "{C6237195-F77C-40C0-B06A-4AD51CAD314D}"
EndProject
Project("{2150E333-8FDC-42A3-9474-1A3956D46DE8}") = "Solution Items", "Solution Items", "{08DB0E29-5C9B-41F3-A130-4CB9CAFAED70}"
	ProjectSection(SolutionItems) = preProject
		.editorconfig = .editorconfig
		Directory.Build.props = Directory.Build.props
		Directory.Build.targets = Directory.Build.targets
		SharedConfig.targets = SharedConfig.targets
		Shims\Shims.cs = Shims\Shims.cs
		version.json = version.json
		Directory.Build.rsp = Directory.Build.rsp
	EndProjectSection
EndProject
Project("{9A19103F-16F7-4668-BE54-9A1E7A4F7556}") = "NebulaWorld", "NebulaWorld\NebulaWorld.csproj", "{28AEA139-FB22-4672-AF51-28B728CF2978}"
EndProject
Project("{FAE04EC0-301F-11D3-BF4B-00C04F79EFBC}") = "websocket-sharp", "dep\websocket-sharp\websocket-sharp\websocket-sharp.csproj", "{B357BAC7-529E-4D81-A0D2-71041B19C8DE}"
EndProject
Project("{9A19103F-16F7-4668-BE54-9A1E7A4F7556}") = "NebulaNetwork", "NebulaNetwork\NebulaNetwork.csproj", "{36A3D8AE-2A0A-4A1F-8A65-4FB61B01F779}"
EndProject
Project("{9A19103F-16F7-4668-BE54-9A1E7A4F7556}") = "NebulaAPI", "NebulaAPI\NebulaAPI.csproj", "{B59DB3BB-DBA2-42AF-B4F1-32A9A6A273D2}"
EndProject
Project("{9A19103F-16F7-4668-BE54-9A1E7A4F7556}") = "discord_game_sdk_dotnet", "dep\discord_game_sdk\discord_game_sdk_dotnet.csproj", "{E691A758-2D19-47EF-9410-3C78D99E2488}"
EndProject
Project("{FAE04EC0-301F-11D3-BF4B-00C04F79EFBC}") = "NebulaTests", "NebulaTests\NebulaTests.csproj", "{2F4901A9-8BDB-49A7-AD89-9E38B0B3350A}"
EndProject
Global
	GlobalSection(SolutionConfigurationPlatforms) = preSolution
		Debug|Any CPU = Debug|Any CPU
		Release|Any CPU = Release|Any CPU
	EndGlobalSection
	GlobalSection(ProjectConfigurationPlatforms) = postSolution
		{47B9362C-E91B-4AE4-979B-7D811AB4D1EA}.Debug|Any CPU.ActiveCfg = Debug|Any CPU
		{47B9362C-E91B-4AE4-979B-7D811AB4D1EA}.Debug|Any CPU.Build.0 = Debug|Any CPU
		{47B9362C-E91B-4AE4-979B-7D811AB4D1EA}.Release|Any CPU.ActiveCfg = Release|Any CPU
		{47B9362C-E91B-4AE4-979B-7D811AB4D1EA}.Release|Any CPU.Build.0 = Release|Any CPU
		{C6237195-F77C-40C0-B06A-4AD51CAD314D}.Debug|Any CPU.ActiveCfg = Debug|Any CPU
		{C6237195-F77C-40C0-B06A-4AD51CAD314D}.Debug|Any CPU.Build.0 = Debug|Any CPU
		{C6237195-F77C-40C0-B06A-4AD51CAD314D}.Release|Any CPU.ActiveCfg = Release|Any CPU
		{C6237195-F77C-40C0-B06A-4AD51CAD314D}.Release|Any CPU.Build.0 = Release|Any CPU
		{28AEA139-FB22-4672-AF51-28B728CF2978}.Debug|Any CPU.ActiveCfg = Debug|Any CPU
		{28AEA139-FB22-4672-AF51-28B728CF2978}.Debug|Any CPU.Build.0 = Debug|Any CPU
		{28AEA139-FB22-4672-AF51-28B728CF2978}.Release|Any CPU.ActiveCfg = Release|Any CPU
		{28AEA139-FB22-4672-AF51-28B728CF2978}.Release|Any CPU.Build.0 = Release|Any CPU
		{B357BAC7-529E-4D81-A0D2-71041B19C8DE}.Debug|Any CPU.ActiveCfg = Debug|Any CPU
		{B357BAC7-529E-4D81-A0D2-71041B19C8DE}.Debug|Any CPU.Build.0 = Debug|Any CPU
		{B357BAC7-529E-4D81-A0D2-71041B19C8DE}.Release|Any CPU.ActiveCfg = Release|Any CPU
		{B357BAC7-529E-4D81-A0D2-71041B19C8DE}.Release|Any CPU.Build.0 = Release|Any CPU
		{36A3D8AE-2A0A-4A1F-8A65-4FB61B01F779}.Debug|Any CPU.ActiveCfg = Debug|Any CPU
		{36A3D8AE-2A0A-4A1F-8A65-4FB61B01F779}.Debug|Any CPU.Build.0 = Debug|Any CPU
		{36A3D8AE-2A0A-4A1F-8A65-4FB61B01F779}.Release|Any CPU.ActiveCfg = Release|Any CPU
		{36A3D8AE-2A0A-4A1F-8A65-4FB61B01F779}.Release|Any CPU.Build.0 = Release|Any CPU
		{B59DB3BB-DBA2-42AF-B4F1-32A9A6A273D2}.Debug|Any CPU.ActiveCfg = Debug|Any CPU
		{B59DB3BB-DBA2-42AF-B4F1-32A9A6A273D2}.Debug|Any CPU.Build.0 = Debug|Any CPU
		{B59DB3BB-DBA2-42AF-B4F1-32A9A6A273D2}.Release|Any CPU.ActiveCfg = Release|Any CPU
		{B59DB3BB-DBA2-42AF-B4F1-32A9A6A273D2}.Release|Any CPU.Build.0 = Release|Any CPU
		{E691A758-2D19-47EF-9410-3C78D99E2488}.Debug|Any CPU.ActiveCfg = Debug|Any CPU
		{E691A758-2D19-47EF-9410-3C78D99E2488}.Debug|Any CPU.Build.0 = Debug|Any CPU
		{E691A758-2D19-47EF-9410-3C78D99E2488}.Release|Any CPU.ActiveCfg = Release|Any CPU
		{E691A758-2D19-47EF-9410-3C78D99E2488}.Release|Any CPU.Build.0 = Release|Any CPU
		{2F4901A9-8BDB-49A7-AD89-9E38B0B3350A}.Debug|Any CPU.ActiveCfg = Debug|Any CPU
		{2F4901A9-8BDB-49A7-AD89-9E38B0B3350A}.Debug|Any CPU.Build.0 = Debug|Any CPU
		{2F4901A9-8BDB-49A7-AD89-9E38B0B3350A}.Release|Any CPU.ActiveCfg = Release|Any CPU
		{2F4901A9-8BDB-49A7-AD89-9E38B0B3350A}.Release|Any CPU.Build.0 = Release|Any CPU
	EndGlobalSection
	GlobalSection(SolutionProperties) = preSolution
		HideSolutionNode = FALSE
	EndGlobalSection
	GlobalSection(ExtensibilityGlobals) = postSolution
		SolutionGuid = {8F453CC5-9A57-47EC-BE85-CCA56C160346}
	EndGlobalSection
EndGlobal
