
Microsoft Visual Studio Solution File, Format Version 12.00
# Visual Studio Version 16
VisualStudioVersion = 16.0.30225.117
MinimumVisualStudioVersion = 10.0.40219.1
Project("{FAE04EC0-301F-11D3-BF4B-00C04F79EFBC}") = "Nebula", "Nebula\Nebula.csproj", "{28B0716C-3926-4865-AB43-6C4431D022D6}"
EndProject
Project("{FAE04EC0-301F-11D3-BF4B-00C04F79EFBC}") = "NebulaTools", "NebulaTools\NebulaTools.csproj", "{70951CA1-5549-420C-B0F2-74D84632C8C2}"
EndProject
Project("{FAE04EC0-301F-11D3-BF4B-00C04F79EFBC}") = "NebulaServer", "NebulaServer\NebulaServer.csproj", "{1363DF73-EA45-426E-9413-EDC77CAA5377}"
EndProject
Project("{FAE04EC0-301F-11D3-BF4B-00C04F79EFBC}") = "NebulaClient", "NebulaClient\NebulaClient.csproj", "{DA2A71BB-1AC6-46D8-9D8F-E7EE5EE043F1}"
EndProject
Global
	GlobalSection(SolutionConfigurationPlatforms) = preSolution
		Debug|Any CPU = Debug|Any CPU
		Release|Any CPU = Release|Any CPU
	EndGlobalSection
	GlobalSection(ProjectConfigurationPlatforms) = postSolution
		{28B0716C-3926-4865-AB43-6C4431D022D6}.Debug|Any CPU.ActiveCfg = Debug|Any CPU
		{28B0716C-3926-4865-AB43-6C4431D022D6}.Debug|Any CPU.Build.0 = Debug|Any CPU
		{28B0716C-3926-4865-AB43-6C4431D022D6}.Release|Any CPU.ActiveCfg = Release|Any CPU
		{28B0716C-3926-4865-AB43-6C4431D022D6}.Release|Any CPU.Build.0 = Release|Any CPU
		{70951CA1-5549-420C-B0F2-74D84632C8C2}.Debug|Any CPU.ActiveCfg = Debug|Any CPU
		{70951CA1-5549-420C-B0F2-74D84632C8C2}.Debug|Any CPU.Build.0 = Debug|Any CPU
		{70951CA1-5549-420C-B0F2-74D84632C8C2}.Release|Any CPU.ActiveCfg = Release|Any CPU
		{70951CA1-5549-420C-B0F2-74D84632C8C2}.Release|Any CPU.Build.0 = Release|Any CPU
		{1363DF73-EA45-426E-9413-EDC77CAA5377}.Debug|Any CPU.ActiveCfg = Debug|Any CPU
		{1363DF73-EA45-426E-9413-EDC77CAA5377}.Debug|Any CPU.Build.0 = Debug|Any CPU
		{1363DF73-EA45-426E-9413-EDC77CAA5377}.Release|Any CPU.ActiveCfg = Release|Any CPU
		{1363DF73-EA45-426E-9413-EDC77CAA5377}.Release|Any CPU.Build.0 = Release|Any CPU
		{DA2A71BB-1AC6-46D8-9D8F-E7EE5EE043F1}.Debug|Any CPU.ActiveCfg = Debug|Any CPU
		{DA2A71BB-1AC6-46D8-9D8F-E7EE5EE043F1}.Debug|Any CPU.Build.0 = Debug|Any CPU
		{DA2A71BB-1AC6-46D8-9D8F-E7EE5EE043F1}.Release|Any CPU.ActiveCfg = Release|Any CPU
		{DA2A71BB-1AC6-46D8-9D8F-E7EE5EE043F1}.Release|Any CPU.Build.0 = Release|Any CPU
	EndGlobalSection
	GlobalSection(SolutionProperties) = preSolution
		HideSolutionNode = FALSE
	EndGlobalSection
	GlobalSection(ExtensibilityGlobals) = postSolution
		SolutionGuid = {8F453CC5-9A57-47EC-BE85-CCA56C160346}
	EndGlobalSection
EndGlobal
